// !$*UTF8*$!
{
	archiveVersion = 1;
	classes = {
	};
	objectVersion = 56;
	objects = {

/* Begin PBXBuildFile section */
		3F914CB22A7B9098004F49E0 /* SearchCollectionViewController.swift in Sources */ = {isa = PBXBuildFile; fileRef = 3F914CB12A7B9098004F49E0 /* SearchCollectionViewController.swift */; };
		3FCC23232A7A244F00D9C0D3 /* AroundTableViewController.swift in Sources */ = {isa = PBXBuildFile; fileRef = 3FCC23222A7A244F00D9C0D3 /* AroundTableViewController.swift */; };
		3FCC23262A7A283B00D9C0D3 /* LastViewCollectionViewCell.swift in Sources */ = {isa = PBXBuildFile; fileRef = 3FCC23242A7A283B00D9C0D3 /* LastViewCollectionViewCell.swift */; };
		3FCC23272A7A283B00D9C0D3 /* LastViewCollectionViewCell.xib in Resources */ = {isa = PBXBuildFile; fileRef = 3FCC23252A7A283B00D9C0D3 /* LastViewCollectionViewCell.xib */; };
		3FDB6B452A779A110031CBBC /* AppDelegate.swift in Sources */ = {isa = PBXBuildFile; fileRef = 3FDB6B442A779A110031CBBC /* AppDelegate.swift */; };
		3FDB6B472A779A110031CBBC /* SceneDelegate.swift in Sources */ = {isa = PBXBuildFile; fileRef = 3FDB6B462A779A110031CBBC /* SceneDelegate.swift */; };
		3FDB6B492A779A110031CBBC /* BookDetailViewController.swift in Sources */ = {isa = PBXBuildFile; fileRef = 3FDB6B482A779A110031CBBC /* BookDetailViewController.swift */; };
		3FDB6B4C2A779A110031CBBC /* Main.storyboard in Resources */ = {isa = PBXBuildFile; fileRef = 3FDB6B4A2A779A110031CBBC /* Main.storyboard */; };
		3FDB6B4E2A779A120031CBBC /* Assets.xcassets in Resources */ = {isa = PBXBuildFile; fileRef = 3FDB6B4D2A779A120031CBBC /* Assets.xcassets */; };
		3FDB6B512A779A120031CBBC /* LaunchScreen.storyboard in Resources */ = {isa = PBXBuildFile; fileRef = 3FDB6B4F2A779A120031CBBC /* LaunchScreen.storyboard */; };
		3FDB6B592A779AC20031CBBC /* BookShelfCollectionViewController.swift in Sources */ = {isa = PBXBuildFile; fileRef = 3FDB6B582A779AC20031CBBC /* BookShelfCollectionViewController.swift */; };
		3FDB6B5C2A779AD50031CBBC /* BookShelfCollectionViewCell.swift in Sources */ = {isa = PBXBuildFile; fileRef = 3FDB6B5A2A779AD50031CBBC /* BookShelfCollectionViewCell.swift */; };
		3FDB6B5D2A779AD50031CBBC /* BookShelfCollectionViewCell.xib in Resources */ = {isa = PBXBuildFile; fileRef = 3FDB6B5B2A779AD50031CBBC /* BookShelfCollectionViewCell.xib */; };
		3FDB6B5F2A779C9B0031CBBC /* MovieInfo.swift in Sources */ = {isa = PBXBuildFile; fileRef = 3FDB6B5E2A779C9B0031CBBC /* MovieInfo.swift */; };
/* End PBXBuildFile section */

/* Begin PBXFileReference section */
		3F914CB12A7B9098004F49E0 /* SearchCollectionViewController.swift */ = {isa = PBXFileReference; lastKnownFileType = sourcecode.swift; name = SearchCollectionViewController.swift; path = BookShelf/Controller/SearchCollectionViewController.swift; sourceTree = SOURCE_ROOT; };
		3FCC23222A7A244F00D9C0D3 /* AroundTableViewController.swift */ = {isa = PBXFileReference; lastKnownFileType = sourcecode.swift; name = AroundTableViewController.swift; path = BookShelf/Controller/AroundTableViewController.swift; sourceTree = SOURCE_ROOT; };
		3FCC23242A7A283B00D9C0D3 /* LastViewCollectionViewCell.swift */ = {isa = PBXFileReference; lastKnownFileType = sourcecode.swift; name = LastViewCollectionViewCell.swift; path = BookShelf/LastViewCollectionViewCell/LastViewCollectionViewCell.swift; sourceTree = SOURCE_ROOT; };
		3FCC23252A7A283B00D9C0D3 /* LastViewCollectionViewCell.xib */ = {isa = PBXFileReference; lastKnownFileType = file.xib; name = LastViewCollectionViewCell.xib; path = BookShelf/LastViewCollectionViewCell/LastViewCollectionViewCell.xib; sourceTree = SOURCE_ROOT; };
		3FDB6B412A779A110031CBBC /* BookShelf.app */ = {isa = PBXFileReference; explicitFileType = wrapper.application; includeInIndex = 0; path = BookShelf.app; sourceTree = BUILT_PRODUCTS_DIR; };
		3FDB6B442A779A110031CBBC /* AppDelegate.swift */ = {isa = PBXFileReference; lastKnownFileType = sourcecode.swift; path = AppDelegate.swift; sourceTree = "<group>"; };
		3FDB6B462A779A110031CBBC /* SceneDelegate.swift */ = {isa = PBXFileReference; lastKnownFileType = sourcecode.swift; path = SceneDelegate.swift; sourceTree = "<group>"; };
		3FDB6B482A779A110031CBBC /* BookDetailViewController.swift */ = {isa = PBXFileReference; lastKnownFileType = sourcecode.swift; path = BookDetailViewController.swift; sourceTree = "<group>"; };
		3FDB6B4B2A779A110031CBBC /* Base */ = {isa = PBXFileReference; lastKnownFileType = file.storyboard; name = Base; path = Base.lproj/Main.storyboard; sourceTree = "<group>"; };
		3FDB6B4D2A779A120031CBBC /* Assets.xcassets */ = {isa = PBXFileReference; lastKnownFileType = folder.assetcatalog; path = Assets.xcassets; sourceTree = "<group>"; };
		3FDB6B502A779A120031CBBC /* Base */ = {isa = PBXFileReference; lastKnownFileType = file.storyboard; name = Base; path = Base.lproj/LaunchScreen.storyboard; sourceTree = "<group>"; };
		3FDB6B522A779A120031CBBC /* Info.plist */ = {isa = PBXFileReference; lastKnownFileType = text.plist.xml; path = Info.plist; sourceTree = "<group>"; };
		3FDB6B582A779AC20031CBBC /* BookShelfCollectionViewController.swift */ = {isa = PBXFileReference; lastKnownFileType = sourcecode.swift; name = BookShelfCollectionViewController.swift; path = BookShelf/Controller/BookShelfCollectionViewController.swift; sourceTree = SOURCE_ROOT; };
		3FDB6B5A2A779AD50031CBBC /* BookShelfCollectionViewCell.swift */ = {isa = PBXFileReference; lastKnownFileType = sourcecode.swift; name = BookShelfCollectionViewCell.swift; path = BookShelf/BookShelfCollectionViewCell/BookShelfCollectionViewCell.swift; sourceTree = SOURCE_ROOT; };
		3FDB6B5B2A779AD50031CBBC /* BookShelfCollectionViewCell.xib */ = {isa = PBXFileReference; lastKnownFileType = file.xib; name = BookShelfCollectionViewCell.xib; path = BookShelf/BookShelfCollectionViewCell/BookShelfCollectionViewCell.xib; sourceTree = SOURCE_ROOT; };
		3FDB6B5E2A779C9B0031CBBC /* MovieInfo.swift */ = {isa = PBXFileReference; fileEncoding = 4; lastKnownFileType = sourcecode.swift; path = MovieInfo.swift; sourceTree = SOURCE_ROOT; };
/* End PBXFileReference section */

/* Begin PBXFrameworksBuildPhase section */
		3FDB6B3E2A779A110031CBBC /* Frameworks */ = {
			isa = PBXFrameworksBuildPhase;
			buildActionMask = 2147483647;
			files = (
			);
			runOnlyForDeploymentPostprocessing = 0;
		};
/* End PBXFrameworksBuildPhase section */

/* Begin PBXGroup section */
		3F914CB32A7BA11C004F49E0 /* LastViewCollectionViewCell */ = {
			isa = PBXGroup;
			children = (
				3FCC23242A7A283B00D9C0D3 /* LastViewCollectionViewCell.swift */,
				3FCC23252A7A283B00D9C0D3 /* LastViewCollectionViewCell.xib */,
			);
			path = LastViewCollectionViewCell;
			sourceTree = "<group>";
		};
		3F914CB42A7BA142004F49E0 /* Delegate */ = {
			isa = PBXGroup;
			children = (
				3FDB6B442A779A110031CBBC /* AppDelegate.swift */,
				3FDB6B462A779A110031CBBC /* SceneDelegate.swift */,
			);
			path = Delegate;
			sourceTree = "<group>";
		};
		3F914CB52A7BA14F004F49E0 /* BookShelfCollectionViewCell */ = {
			isa = PBXGroup;
			children = (
				3FDB6B5A2A779AD50031CBBC /* BookShelfCollectionViewCell.swift */,
				3FDB6B5B2A779AD50031CBBC /* BookShelfCollectionViewCell.xib */,
			);
			path = BookShelfCollectionViewCell;
			sourceTree = "<group>";
		};
		3F914CB62A7BA17B004F49E0 /* Controller */ = {
			isa = PBXGroup;
			children = (
				3FCC23222A7A244F00D9C0D3 /* AroundTableViewController.swift */,
				3F914CB12A7B9098004F49E0 /* SearchCollectionViewController.swift */,
				3FDB6B582A779AC20031CBBC /* BookShelfCollectionViewController.swift */,
				3FDB6B482A779A110031CBBC /* BookDetailViewController.swift */,
			);
			path = Controller;
			sourceTree = "<group>";
		};
		3FDB6B382A779A110031CBBC = {
			isa = PBXGroup;
			children = (
				3FDB6B432A779A110031CBBC /* BookShelf */,
				3FDB6B422A779A110031CBBC /* Products */,
			);
			sourceTree = "<group>";
		};
		3FDB6B422A779A110031CBBC /* Products */ = {
			isa = PBXGroup;
			children = (
				3FDB6B412A779A110031CBBC /* BookShelf.app */,
			);
			name = Products;
			sourceTree = "<group>";
		};
		3FDB6B432A779A110031CBBC /* BookShelf */ = {
			isa = PBXGroup;
			children = (
				3F914CB42A7BA142004F49E0 /* Delegate */,
				3F914CB32A7BA11C004F49E0 /* LastViewCollectionViewCell */,
				3F914CB52A7BA14F004F49E0 /* BookShelfCollectionViewCell */,
				3F914CB62A7BA17B004F49E0 /* Controller */,
				3FDB6B5E2A779C9B0031CBBC /* MovieInfo.swift */,
				3FDB6B4A2A779A110031CBBC /* Main.storyboard */,
				3FDB6B4D2A779A120031CBBC /* Assets.xcassets */,
				3FDB6B4F2A779A120031CBBC /* LaunchScreen.storyboard */,
				3FDB6B522A779A120031CBBC /* Info.plist */,
			);
			path = BookShelf;
			sourceTree = "<group>";
		};
/* End PBXGroup section */

/* Begin PBXNativeTarget section */
		3FDB6B402A779A110031CBBC /* BookShelf */ = {
			isa = PBXNativeTarget;
			buildConfigurationList = 3FDB6B552A779A120031CBBC /* Build configuration list for PBXNativeTarget "BookShelf" */;
			buildPhases = (
				3FDB6B3D2A779A110031CBBC /* Sources */,
				3FDB6B3E2A779A110031CBBC /* Frameworks */,
				3FDB6B3F2A779A110031CBBC /* Resources */,
			);
			buildRules = (
			);
			dependencies = (
			);
			name = BookShelf;
			productName = BookShelf;
			productReference = 3FDB6B412A779A110031CBBC /* BookShelf.app */;
			productType = "com.apple.product-type.application";
		};
/* End PBXNativeTarget section */

/* Begin PBXProject section */
		3FDB6B392A779A110031CBBC /* Project object */ = {
			isa = PBXProject;
			attributes = {
				BuildIndependentTargetsInParallel = 1;
				LastSwiftUpdateCheck = 1430;
				LastUpgradeCheck = 1430;
				TargetAttributes = {
					3FDB6B402A779A110031CBBC = {
						CreatedOnToolsVersion = 14.3;
					};
				};
			};
			buildConfigurationList = 3FDB6B3C2A779A110031CBBC /* Build configuration list for PBXProject "BookShelf" */;
			compatibilityVersion = "Xcode 14.0";
			developmentRegion = en;
			hasScannedForEncodings = 0;
			knownRegions = (
				en,
				Base,
			);
			mainGroup = 3FDB6B382A779A110031CBBC;
			productRefGroup = 3FDB6B422A779A110031CBBC /* Products */;
			projectDirPath = "";
			projectRoot = "";
			targets = (
				3FDB6B402A779A110031CBBC /* BookShelf */,
			);
		};
/* End PBXProject section */

/* Begin PBXResourcesBuildPhase section */
		3FDB6B3F2A779A110031CBBC /* Resources */ = {
			isa = PBXResourcesBuildPhase;
			buildActionMask = 2147483647;
			files = (
				3FDB6B5D2A779AD50031CBBC /* BookShelfCollectionViewCell.xib in Resources */,
				3FCC23272A7A283B00D9C0D3 /* LastViewCollectionViewCell.xib in Resources */,
				3FDB6B512A779A120031CBBC /* LaunchScreen.storyboard in Resources */,
				3FDB6B4E2A779A120031CBBC /* Assets.xcassets in Resources */,
				3FDB6B4C2A779A110031CBBC /* Main.storyboard in Resources */,
			);
			runOnlyForDeploymentPostprocessing = 0;
		};
/* End PBXResourcesBuildPhase section */

/* Begin PBXSourcesBuildPhase section */
		3FDB6B3D2A779A110031CBBC /* Sources */ = {
			isa = PBXSourcesBuildPhase;
			buildActionMask = 2147483647;
			files = (
				3F914CB22A7B9098004F49E0 /* SearchCollectionViewController.swift in Sources */,
				3FCC23262A7A283B00D9C0D3 /* LastViewCollectionViewCell.swift in Sources */,
				3FDB6B492A779A110031CBBC /* BookDetailViewController.swift in Sources */,
				3FCC23232A7A244F00D9C0D3 /* AroundTableViewController.swift in Sources */,
				3FDB6B452A779A110031CBBC /* AppDelegate.swift in Sources */,
				3FDB6B5C2A779AD50031CBBC /* BookShelfCollectionViewCell.swift in Sources */,
				3FDB6B592A779AC20031CBBC /* BookShelfCollectionViewController.swift in Sources */,
				3FDB6B5F2A779C9B0031CBBC /* MovieInfo.swift in Sources */,
				3FDB6B472A779A110031CBBC /* SceneDelegate.swift in Sources */,
			);
			runOnlyForDeploymentPostprocessing = 0;
		};
/* End PBXSourcesBuildPhase section */

/* Begin PBXVariantGroup section */
		3FDB6B4A2A779A110031CBBC /* Main.storyboard */ = {
			isa = PBXVariantGroup;
			children = (
				3FDB6B4B2A779A110031CBBC /* Base */,
			);
			name = Main.storyboard;
			sourceTree = "<group>";
		};
		3FDB6B4F2A779A120031CBBC /* LaunchScreen.storyboard */ = {
			isa = PBXVariantGroup;
			children = (
				3FDB6B502A779A120031CBBC /* Base */,
			);
			name = LaunchScreen.storyboard;
			sourceTree = "<group>";
		};
/* End PBXVariantGroup section */

/* Begin XCBuildConfiguration section */
		3FDB6B532A779A120031CBBC /* Debug */ = {
			isa = XCBuildConfiguration;
			buildSettings = {
				ALWAYS_SEARCH_USER_PATHS = NO;
				CLANG_ANALYZER_NONNULL = YES;
				CLANG_ANALYZER_NUMBER_OBJECT_CONVERSION = YES_AGGRESSIVE;
				CLANG_CXX_LANGUAGE_STANDARD = "gnu++20";
				CLANG_ENABLE_MODULES = YES;
				CLANG_ENABLE_OBJC_ARC = YES;
				CLANG_ENABLE_OBJC_WEAK = YES;
				CLANG_WARN_BLOCK_CAPTURE_AUTORELEASING = YES;
				CLANG_WARN_BOOL_CONVERSION = YES;
				CLANG_WARN_COMMA = YES;
				CLANG_WARN_CONSTANT_CONVERSION = YES;
				CLANG_WARN_DEPRECATED_OBJC_IMPLEMENTATIONS = YES;
				CLANG_WARN_DIRECT_OBJC_ISA_USAGE = YES_ERROR;
				CLANG_WARN_DOCUMENTATION_COMMENTS = YES;
				CLANG_WARN_EMPTY_BODY = YES;
				CLANG_WARN_ENUM_CONVERSION = YES;
				CLANG_WARN_INFINITE_RECURSION = YES;
				CLANG_WARN_INT_CONVERSION = YES;
				CLANG_WARN_NON_LITERAL_NULL_CONVERSION = YES;
				CLANG_WARN_OBJC_IMPLICIT_RETAIN_SELF = YES;
				CLANG_WARN_OBJC_LITERAL_CONVERSION = YES;
				CLANG_WARN_OBJC_ROOT_CLASS = YES_ERROR;
				CLANG_WARN_QUOTED_INCLUDE_IN_FRAMEWORK_HEADER = YES;
				CLANG_WARN_RANGE_LOOP_ANALYSIS = YES;
				CLANG_WARN_STRICT_PROTOTYPES = YES;
				CLANG_WARN_SUSPICIOUS_MOVE = YES;
				CLANG_WARN_UNGUARDED_AVAILABILITY = YES_AGGRESSIVE;
				CLANG_WARN_UNREACHABLE_CODE = YES;
				CLANG_WARN__DUPLICATE_METHOD_MATCH = YES;
				COPY_PHASE_STRIP = NO;
				DEBUG_INFORMATION_FORMAT = dwarf;
				ENABLE_STRICT_OBJC_MSGSEND = YES;
				ENABLE_TESTABILITY = YES;
				GCC_C_LANGUAGE_STANDARD = gnu11;
				GCC_DYNAMIC_NO_PIC = NO;
				GCC_NO_COMMON_BLOCKS = YES;
				GCC_OPTIMIZATION_LEVEL = 0;
				GCC_PREPROCESSOR_DEFINITIONS = (
					"DEBUG=1",
					"$(inherited)",
				);
				GCC_WARN_64_TO_32_BIT_CONVERSION = YES;
				GCC_WARN_ABOUT_RETURN_TYPE = YES_ERROR;
				GCC_WARN_UNDECLARED_SELECTOR = YES;
				GCC_WARN_UNINITIALIZED_AUTOS = YES_AGGRESSIVE;
				GCC_WARN_UNUSED_FUNCTION = YES;
				GCC_WARN_UNUSED_VARIABLE = YES;
				IPHONEOS_DEPLOYMENT_TARGET = 16.4;
				MTL_ENABLE_DEBUG_INFO = INCLUDE_SOURCE;
				MTL_FAST_MATH = YES;
				ONLY_ACTIVE_ARCH = YES;
				SDKROOT = iphoneos;
				SWIFT_ACTIVE_COMPILATION_CONDITIONS = DEBUG;
				SWIFT_OPTIMIZATION_LEVEL = "-Onone";
			};
			name = Debug;
		};
		3FDB6B542A779A120031CBBC /* Release */ = {
			isa = XCBuildConfiguration;
			buildSettings = {
				ALWAYS_SEARCH_USER_PATHS = NO;
				CLANG_ANALYZER_NONNULL = YES;
				CLANG_ANALYZER_NUMBER_OBJECT_CONVERSION = YES_AGGRESSIVE;
				CLANG_CXX_LANGUAGE_STANDARD = "gnu++20";
				CLANG_ENABLE_MODULES = YES;
				CLANG_ENABLE_OBJC_ARC = YES;
				CLANG_ENABLE_OBJC_WEAK = YES;
				CLANG_WARN_BLOCK_CAPTURE_AUTORELEASING = YES;
				CLANG_WARN_BOOL_CONVERSION = YES;
				CLANG_WARN_COMMA = YES;
				CLANG_WARN_CONSTANT_CONVERSION = YES;
				CLANG_WARN_DEPRECATED_OBJC_IMPLEMENTATIONS = YES;
				CLANG_WARN_DIRECT_OBJC_ISA_USAGE = YES_ERROR;
				CLANG_WARN_DOCUMENTATION_COMMENTS = YES;
				CLANG_WARN_EMPTY_BODY = YES;
				CLANG_WARN_ENUM_CONVERSION = YES;
				CLANG_WARN_INFINITE_RECURSION = YES;
				CLANG_WARN_INT_CONVERSION = YES;
				CLANG_WARN_NON_LITERAL_NULL_CONVERSION = YES;
				CLANG_WARN_OBJC_IMPLICIT_RETAIN_SELF = YES;
				CLANG_WARN_OBJC_LITERAL_CONVERSION = YES;
				CLANG_WARN_OBJC_ROOT_CLASS = YES_ERROR;
				CLANG_WARN_QUOTED_INCLUDE_IN_FRAMEWORK_HEADER = YES;
				CLANG_WARN_RANGE_LOOP_ANALYSIS = YES;
				CLANG_WARN_STRICT_PROTOTYPES = YES;
				CLANG_WARN_SUSPICIOUS_MOVE = YES;
				CLANG_WARN_UNGUARDED_AVAILABILITY = YES_AGGRESSIVE;
				CLANG_WARN_UNREACHABLE_CODE = YES;
				CLANG_WARN__DUPLICATE_METHOD_MATCH = YES;
				COPY_PHASE_STRIP = NO;
				DEBUG_INFORMATION_FORMAT = "dwarf-with-dsym";
				ENABLE_NS_ASSERTIONS = NO;
				ENABLE_STRICT_OBJC_MSGSEND = YES;
				GCC_C_LANGUAGE_STANDARD = gnu11;
				GCC_NO_COMMON_BLOCKS = YES;
				GCC_WARN_64_TO_32_BIT_CONVERSION = YES;
				GCC_WARN_ABOUT_RETURN_TYPE = YES_ERROR;
				GCC_WARN_UNDECLARED_SELECTOR = YES;
				GCC_WARN_UNINITIALIZED_AUTOS = YES_AGGRESSIVE;
				GCC_WARN_UNUSED_FUNCTION = YES;
				GCC_WARN_UNUSED_VARIABLE = YES;
				IPHONEOS_DEPLOYMENT_TARGET = 16.4;
				MTL_ENABLE_DEBUG_INFO = NO;
				MTL_FAST_MATH = YES;
				SDKROOT = iphoneos;
				SWIFT_COMPILATION_MODE = wholemodule;
				SWIFT_OPTIMIZATION_LEVEL = "-O";
				VALIDATE_PRODUCT = YES;
			};
			name = Release;
		};
		3FDB6B562A779A120031CBBC /* Debug */ = {
			isa = XCBuildConfiguration;
			buildSettings = {
				ASSETCATALOG_COMPILER_APPICON_NAME = AppIcon;
				ASSETCATALOG_COMPILER_GLOBAL_ACCENT_COLOR_NAME = AccentColor;
				CODE_SIGN_STYLE = Automatic;
				CURRENT_PROJECT_VERSION = 1;
				DEVELOPMENT_TEAM = NFCS5T44FS;
				GENERATE_INFOPLIST_FILE = YES;
				INFOPLIST_FILE = BookShelf/Info.plist;
				INFOPLIST_KEY_UIApplicationSupportsIndirectInputEvents = YES;
				INFOPLIST_KEY_UILaunchStoryboardName = LaunchScreen;
				INFOPLIST_KEY_UIMainStoryboardFile = Main;
				INFOPLIST_KEY_UISupportedInterfaceOrientations_iPad = "UIInterfaceOrientationPortrait UIInterfaceOrientationPortraitUpsideDown UIInterfaceOrientationLandscapeLeft UIInterfaceOrientationLandscapeRight";
				INFOPLIST_KEY_UISupportedInterfaceOrientations_iPhone = "UIInterfaceOrientationPortrait UIInterfaceOrientationLandscapeLeft UIInterfaceOrientationLandscapeRight";
				IPHONEOS_DEPLOYMENT_TARGET = 16.0;
				LD_RUNPATH_SEARCH_PATHS = (
					"$(inherited)",
					"@executable_path/Frameworks",
				);
				MARKETING_VERSION = 1.0;
				PRODUCT_BUNDLE_IDENTIFIER = com.hany.BookShelf;
				PRODUCT_NAME = "$(TARGET_NAME)";
				SUPPORTED_PLATFORMS = "iphoneos iphonesimulator";
				SUPPORTS_MACCATALYST = NO;
				SUPPORTS_MAC_DESIGNED_FOR_IPHONE_IPAD = NO;
				SWIFT_EMIT_LOC_STRINGS = YES;
				SWIFT_VERSION = 5.0;
				TARGETED_DEVICE_FAMILY = 1;
			};
			name = Debug;
		};
		3FDB6B572A779A120031CBBC /* Release */ = {
			isa = XCBuildConfiguration;
			buildSettings = {
				ASSETCATALOG_COMPILER_APPICON_NAME = AppIcon;
				ASSETCATALOG_COMPILER_GLOBAL_ACCENT_COLOR_NAME = AccentColor;
				CODE_SIGN_STYLE = Automatic;
				CURRENT_PROJECT_VERSION = 1;
				DEVELOPMENT_TEAM = NFCS5T44FS;
				GENERATE_INFOPLIST_FILE = YES;
				INFOPLIST_FILE = BookShelf/Info.plist;
				INFOPLIST_KEY_UIApplicationSupportsIndirectInputEvents = YES;
				INFOPLIST_KEY_UILaunchStoryboardName = LaunchScreen;
				INFOPLIST_KEY_UIMainStoryboardFile = Main;
				INFOPLIST_KEY_UISupportedInterfaceOrientations_iPad = "UIInterfaceOrientationPortrait UIInterfaceOrientationPortraitUpsideDown UIInterfaceOrientationLandscapeLeft UIInterfaceOrientationLandscapeRight";
				INFOPLIST_KEY_UISupportedInterfaceOrientations_iPhone = "UIInterfaceOrientationPortrait UIInterfaceOrientationLandscapeLeft UIInterfaceOrientationLandscapeRight";
				IPHONEOS_DEPLOYMENT_TARGET = 16.0;
				LD_RUNPATH_SEARCH_PATHS = (
					"$(inherited)",
					"@executable_path/Frameworks",
				);
				MARKETING_VERSION = 1.0;
				PRODUCT_BUNDLE_IDENTIFIER = com.hany.BookShelf;
				PRODUCT_NAME = "$(TARGET_NAME)";
				SUPPORTED_PLATFORMS = "iphoneos iphonesimulator";
				SUPPORTS_MACCATALYST = NO;
				SUPPORTS_MAC_DESIGNED_FOR_IPHONE_IPAD = NO;
				SWIFT_EMIT_LOC_STRINGS = YES;
				SWIFT_VERSION = 5.0;
				TARGETED_DEVICE_FAMILY = 1;
			};
			name = Release;
		};
/* End XCBuildConfiguration section */

/* Begin XCConfigurationList section */
		3FDB6B3C2A779A110031CBBC /* Build configuration list for PBXProject "BookShelf" */ = {
			isa = XCConfigurationList;
			buildConfigurations = (
				3FDB6B532A779A120031CBBC /* Debug */,
				3FDB6B542A779A120031CBBC /* Release */,
			);
			defaultConfigurationIsVisible = 0;
			defaultConfigurationName = Release;
		};
		3FDB6B552A779A120031CBBC /* Build configuration list for PBXNativeTarget "BookShelf" */ = {
			isa = XCConfigurationList;
			buildConfigurations = (
				3FDB6B562A779A120031CBBC /* Debug */,
				3FDB6B572A779A120031CBBC /* Release */,
			);
			defaultConfigurationIsVisible = 0;
			defaultConfigurationName = Release;
		};
/* End XCConfigurationList section */
	};
	rootObject = 3FDB6B392A779A110031CBBC /* Project object */;
}
